
Microsoft Visual Studio Solution File, Format Version 10.00
# Visual Studio 2008
Project("{8BC9CEB8-8B4A-11D0-8D11-00A0C91BC942}") = "PKCS11Wrapper", "PKCS11Wrapper.vcproj", "{9EE4C0B8-8C2F-4CB3-B24F-A4D6A2F692D1}"
EndProject
Global
	GlobalSection(SolutionConfigurationPlatforms) = preSolution
		Debug MOA Crypto Test|Pocket PC 2003 (ARMV4) = Debug MOA Crypto Test|Pocket PC 2003 (ARMV4)
		Debug MOA Crypto Test|Win32 = Debug MOA Crypto Test|Win32
		Debug MOA Crypto Test|x64 = Debug MOA Crypto Test|x64
		Debug_JDK11|Pocket PC 2003 (ARMV4) = Debug_JDK11|Pocket PC 2003 (ARMV4)
		Debug_JDK11|Win32 = Debug_JDK11|Win32
		Debug_JDK11|x64 = Debug_JDK11|x64
		Debug|Pocket PC 2003 (ARMV4) = Debug|Pocket PC 2003 (ARMV4)
		Debug|Win32 = Debug|Win32
		Debug|x64 = Debug|x64
		Digest Debug|Pocket PC 2003 (ARMV4) = Digest Debug|Pocket PC 2003 (ARMV4)
		Digest Debug|Win32 = Digest Debug|Win32
		Digest Debug|x64 = Digest Debug|x64
		GetInfo Debug|Pocket PC 2003 (ARMV4) = GetInfo Debug|Pocket PC 2003 (ARMV4)
		GetInfo Debug|Win32 = GetInfo Debug|Win32
		GetInfo Debug|x64 = GetInfo Debug|x64
		InitPIN Debug|Pocket PC 2003 (ARMV4) = InitPIN Debug|Pocket PC 2003 (ARMV4)
		InitPIN Debug|Win32 = InitPIN Debug|Win32
		InitPIN Debug|x64 = InitPIN Debug|x64
		MS MV Release|Pocket PC 2003 (ARMV4) = MS MV Release|Pocket PC 2003 (ARMV4)
		MS MV Release|Win32 = MS MV Release|Win32
		MS MV Release|x64 = MS MV Release|x64
		ParametersTest Debug|Pocket PC 2003 (ARMV4) = ParametersTest Debug|Pocket PC 2003 (ARMV4)
		ParametersTest Debug|Win32 = ParametersTest Debug|Win32
		ParametersTest Debug|x64 = ParametersTest Debug|x64
		Release_JDK11|Pocket PC 2003 (ARMV4) = Release_JDK11|Pocket PC 2003 (ARMV4)
		Release_JDK11|Win32 = Release_JDK11|Win32
		Release_JDK11|x64 = Release_JDK11|x64
		Release|Pocket PC 2003 (ARMV4) = Release|Pocket PC 2003 (ARMV4)
		Release|Win32 = Release|Win32
		Release|x64 = Release|x64
		release64|Pocket PC 2003 (ARMV4) = release64|Pocket PC 2003 (ARMV4)
		release64|Win32 = release64|Win32
		release64|x64 = release64|x64
		RSACipherTest Debug|Pocket PC 2003 (ARMV4) = RSACipherTest Debug|Pocket PC 2003 (ARMV4)
		RSACipherTest Debug|Win32 = RSACipherTest Debug|Win32
		RSACipherTest Debug|x64 = RSACipherTest Debug|x64
		Sha1HMacDemo|Pocket PC 2003 (ARMV4) = Sha1HMacDemo|Pocket PC 2003 (ARMV4)
		Sha1HMacDemo|Win32 = Sha1HMacDemo|Win32
		Sha1HMacDemo|x64 = Sha1HMacDemo|x64
		SSLMechanisms Debug|Pocket PC 2003 (ARMV4) = SSLMechanisms Debug|Pocket PC 2003 (ARMV4)
		SSLMechanisms Debug|Win32 = SSLMechanisms Debug|Win32
		SSLMechanisms Debug|x64 = SSLMechanisms Debug|x64
		TestModule Debug|Pocket PC 2003 (ARMV4) = TestModule Debug|Pocket PC 2003 (ARMV4)
		TestModule Debug|Win32 = TestModule Debug|Win32
		TestModule Debug|x64 = TestModule Debug|x64
	EndGlobalSection
	GlobalSection(ProjectConfigurationPlatforms) = postSolution
		{9EE4C0B8-8C2F-4CB3-B24F-A4D6A2F692D1}.Debug MOA Crypto Test|Pocket PC 2003 (ARMV4).ActiveCfg = Debug MOA Crypto Test|Pocket PC 2003 (ARMV4)
		{9EE4C0B8-8C2F-4CB3-B24F-A4D6A2F692D1}.Debug MOA Crypto Test|Pocket PC 2003 (ARMV4).Build.0 = Debug MOA Crypto Test|Pocket PC 2003 (ARMV4)
		{9EE4C0B8-8C2F-4CB3-B24F-A4D6A2F692D1}.Debug MOA Crypto Test|Pocket PC 2003 (ARMV4).Deploy.0 = Debug MOA Crypto Test|Pocket PC 2003 (ARMV4)
		{9EE4C0B8-8C2F-4CB3-B24F-A4D6A2F692D1}.Debug MOA Crypto Test|Win32.ActiveCfg = Debug MOA Crypto Test|Win32
		{9EE4C0B8-8C2F-4CB3-B24F-A4D6A2F692D1}.Debug MOA Crypto Test|Win32.Build.0 = Debug MOA Crypto Test|Win32
		{9EE4C0B8-8C2F-4CB3-B24F-A4D6A2F692D1}.Debug MOA Crypto Test|x64.ActiveCfg = Debug MOA Crypto Test|x64
		{9EE4C0B8-8C2F-4CB3-B24F-A4D6A2F692D1}.Debug MOA Crypto Test|x64.Build.0 = Debug MOA Crypto Test|x64
		{9EE4C0B8-8C2F-4CB3-B24F-A4D6A2F692D1}.Debug_JDK11|Pocket PC 2003 (ARMV4).ActiveCfg = Debug_JDK11|Pocket PC 2003 (ARMV4)
		{9EE4C0B8-8C2F-4CB3-B24F-A4D6A2F692D1}.Debug_JDK11|Pocket PC 2003 (ARMV4).Build.0 = Debug_JDK11|Pocket PC 2003 (ARMV4)
		{9EE4C0B8-8C2F-4CB3-B24F-A4D6A2F692D1}.Debug_JDK11|Pocket PC 2003 (ARMV4).Deploy.0 = Debug_JDK11|Pocket PC 2003 (ARMV4)
		{9EE4C0B8-8C2F-4CB3-B24F-A4D6A2F692D1}.Debug_JDK11|Win32.ActiveCfg = Debug_JDK11|Win32
		{9EE4C0B8-8C2F-4CB3-B24F-A4D6A2F692D1}.Debug_JDK11|Win32.Build.0 = Debug_JDK11|Win32
		{9EE4C0B8-8C2F-4CB3-B24F-A4D6A2F692D1}.Debug_JDK11|x64.ActiveCfg = Debug_JDK11|x64
		{9EE4C0B8-8C2F-4CB3-B24F-A4D6A2F692D1}.Debug_JDK11|x64.Build.0 = Debug_JDK11|x64
		{9EE4C0B8-8C2F-4CB3-B24F-A4D6A2F692D1}.Debug|Pocket PC 2003 (ARMV4).ActiveCfg = Debug|Pocket PC 2003 (ARMV4)
		{9EE4C0B8-8C2F-4CB3-B24F-A4D6A2F692D1}.Debug|Pocket PC 2003 (ARMV4).Build.0 = Debug|Pocket PC 2003 (ARMV4)
		{9EE4C0B8-8C2F-4CB3-B24F-A4D6A2F692D1}.Debug|Pocket PC 2003 (ARMV4).Deploy.0 = Debug|Pocket PC 2003 (ARMV4)
		{9EE4C0B8-8C2F-4CB3-B24F-A4D6A2F692D1}.Debug|Win32.ActiveCfg = Debug|Win32
		{9EE4C0B8-8C2F-4CB3-B24F-A4D6A2F692D1}.Debug|Win32.Build.0 = Debug|Win32
		{9EE4C0B8-8C2F-4CB3-B24F-A4D6A2F692D1}.Debug|x64.ActiveCfg = Debug|x64
		{9EE4C0B8-8C2F-4CB3-B24F-A4D6A2F692D1}.Debug|x64.Build.0 = Debug|x64
		{9EE4C0B8-8C2F-4CB3-B24F-A4D6A2F692D1}.Digest Debug|Pocket PC 2003 (ARMV4).ActiveCfg = Digest Debug|Pocket PC 2003 (ARMV4)
		{9EE4C0B8-8C2F-4CB3-B24F-A4D6A2F692D1}.Digest Debug|Pocket PC 2003 (ARMV4).Build.0 = Digest Debug|Pocket PC 2003 (ARMV4)
		{9EE4C0B8-8C2F-4CB3-B24F-A4D6A2F692D1}.Digest Debug|Pocket PC 2003 (ARMV4).Deploy.0 = Digest Debug|Pocket PC 2003 (ARMV4)
		{9EE4C0B8-8C2F-4CB3-B24F-A4D6A2F692D1}.Digest Debug|Win32.ActiveCfg = Digest Debug|Win32
		{9EE4C0B8-8C2F-4CB3-B24F-A4D6A2F692D1}.Digest Debug|Win32.Build.0 = Digest Debug|Win32
		{9EE4C0B8-8C2F-4CB3-B24F-A4D6A2F692D1}.Digest Debug|x64.ActiveCfg = Digest Debug|x64
		{9EE4C0B8-8C2F-4CB3-B24F-A4D6A2F692D1}.Digest Debug|x64.Build.0 = Digest Debug|x64
		{9EE4C0B8-8C2F-4CB3-B24F-A4D6A2F692D1}.GetInfo Debug|Pocket PC 2003 (ARMV4).ActiveCfg = GetInfo Debug|Pocket PC 2003 (ARMV4)
		{9EE4C0B8-8C2F-4CB3-B24F-A4D6A2F692D1}.GetInfo Debug|Pocket PC 2003 (ARMV4).Build.0 = GetInfo Debug|Pocket PC 2003 (ARMV4)
		{9EE4C0B8-8C2F-4CB3-B24F-A4D6A2F692D1}.GetInfo Debug|Pocket PC 2003 (ARMV4).Deploy.0 = GetInfo Debug|Pocket PC 2003 (ARMV4)
		{9EE4C0B8-8C2F-4CB3-B24F-A4D6A2F692D1}.GetInfo Debug|Win32.ActiveCfg = GetInfo Debug|Win32
		{9EE4C0B8-8C2F-4CB3-B24F-A4D6A2F692D1}.GetInfo Debug|Win32.Build.0 = GetInfo Debug|Win32
		{9EE4C0B8-8C2F-4CB3-B24F-A4D6A2F692D1}.GetInfo Debug|x64.ActiveCfg = GetInfo Debug|x64
		{9EE4C0B8-8C2F-4CB3-B24F-A4D6A2F692D1}.GetInfo Debug|x64.Build.0 = GetInfo Debug|x64
		{9EE4C0B8-8C2F-4CB3-B24F-A4D6A2F692D1}.InitPIN Debug|Pocket PC 2003 (ARMV4).ActiveCfg = InitPIN Debug|Pocket PC 2003 (ARMV4)
		{9EE4C0B8-8C2F-4CB3-B24F-A4D6A2F692D1}.InitPIN Debug|Pocket PC 2003 (ARMV4).Build.0 = InitPIN Debug|Pocket PC 2003 (ARMV4)
		{9EE4C0B8-8C2F-4CB3-B24F-A4D6A2F692D1}.InitPIN Debug|Pocket PC 2003 (ARMV4).Deploy.0 = InitPIN Debug|Pocket PC 2003 (ARMV4)
		{9EE4C0B8-8C2F-4CB3-B24F-A4D6A2F692D1}.InitPIN Debug|Win32.ActiveCfg = InitPIN Debug|Win32
		{9EE4C0B8-8C2F-4CB3-B24F-A4D6A2F692D1}.InitPIN Debug|Win32.Build.0 = InitPIN Debug|Win32
		{9EE4C0B8-8C2F-4CB3-B24F-A4D6A2F692D1}.InitPIN Debug|x64.ActiveCfg = InitPIN Debug|x64
		{9EE4C0B8-8C2F-4CB3-B24F-A4D6A2F692D1}.InitPIN Debug|x64.Build.0 = InitPIN Debug|x64
		{9EE4C0B8-8C2F-4CB3-B24F-A4D6A2F692D1}.MS MV Release|Pocket PC 2003 (ARMV4).ActiveCfg = MS MV Release|Pocket PC 2003 (ARMV4)
		{9EE4C0B8-8C2F-4CB3-B24F-A4D6A2F692D1}.MS MV Release|Pocket PC 2003 (ARMV4).Build.0 = MS MV Release|Pocket PC 2003 (ARMV4)
		{9EE4C0B8-8C2F-4CB3-B24F-A4D6A2F692D1}.MS MV Release|Pocket PC 2003 (ARMV4).Deploy.0 = MS MV Release|Pocket PC 2003 (ARMV4)
		{9EE4C0B8-8C2F-4CB3-B24F-A4D6A2F692D1}.MS MV Release|Win32.ActiveCfg = MS MV Release|Win32
		{9EE4C0B8-8C2F-4CB3-B24F-A4D6A2F692D1}.MS MV Release|Win32.Build.0 = MS MV Release|Win32
		{9EE4C0B8-8C2F-4CB3-B24F-A4D6A2F692D1}.MS MV Release|x64.ActiveCfg = MS MV Release|x64
		{9EE4C0B8-8C2F-4CB3-B24F-A4D6A2F692D1}.MS MV Release|x64.Build.0 = MS MV Release|x64
		{9EE4C0B8-8C2F-4CB3-B24F-A4D6A2F692D1}.ParametersTest Debug|Pocket PC 2003 (ARMV4).ActiveCfg = ParametersTest Debug|Pocket PC 2003 (ARMV4)
		{9EE4C0B8-8C2F-4CB3-B24F-A4D6A2F692D1}.ParametersTest Debug|Pocket PC 2003 (ARMV4).Build.0 = ParametersTest Debug|Pocket PC 2003 (ARMV4)
		{9EE4C0B8-8C2F-4CB3-B24F-A4D6A2F692D1}.ParametersTest Debug|Pocket PC 2003 (ARMV4).Deploy.0 = ParametersTest Debug|Pocket PC 2003 (ARMV4)
		{9EE4C0B8-8C2F-4CB3-B24F-A4D6A2F692D1}.ParametersTest Debug|Win32.ActiveCfg = ParametersTest Debug|Win32
		{9EE4C0B8-8C2F-4CB3-B24F-A4D6A2F692D1}.ParametersTest Debug|Win32.Build.0 = ParametersTest Debug|Win32
		{9EE4C0B8-8C2F-4CB3-B24F-A4D6A2F692D1}.ParametersTest Debug|x64.ActiveCfg = ParametersTest Debug|x64
		{9EE4C0B8-8C2F-4CB3-B24F-A4D6A2F692D1}.ParametersTest Debug|x64.Build.0 = ParametersTest Debug|x64
		{9EE4C0B8-8C2F-4CB3-B24F-A4D6A2F692D1}.Release_JDK11|Pocket PC 2003 (ARMV4).ActiveCfg = Release_JDK11|Pocket PC 2003 (ARMV4)
		{9EE4C0B8-8C2F-4CB3-B24F-A4D6A2F692D1}.Release_JDK11|Pocket PC 2003 (ARMV4).Build.0 = Release_JDK11|Pocket PC 2003 (ARMV4)
		{9EE4C0B8-8C2F-4CB3-B24F-A4D6A2F692D1}.Release_JDK11|Pocket PC 2003 (ARMV4).Deploy.0 = Release_JDK11|Pocket PC 2003 (ARMV4)
		{9EE4C0B8-8C2F-4CB3-B24F-A4D6A2F692D1}.Release_JDK11|Win32.ActiveCfg = Release_JDK11|Win32
		{9EE4C0B8-8C2F-4CB3-B24F-A4D6A2F692D1}.Release_JDK11|Win32.Build.0 = Release_JDK11|Win32
		{9EE4C0B8-8C2F-4CB3-B24F-A4D6A2F692D1}.Release_JDK11|x64.ActiveCfg = Release_JDK11|x64
		{9EE4C0B8-8C2F-4CB3-B24F-A4D6A2F692D1}.Release_JDK11|x64.Build.0 = Release_JDK11|x64
		{9EE4C0B8-8C2F-4CB3-B24F-A4D6A2F692D1}.Release|Pocket PC 2003 (ARMV4).ActiveCfg = Release|Pocket PC 2003 (ARMV4)
		{9EE4C0B8-8C2F-4CB3-B24F-A4D6A2F692D1}.Release|Pocket PC 2003 (ARMV4).Build.0 = Release|Pocket PC 2003 (ARMV4)
		{9EE4C0B8-8C2F-4CB3-B24F-A4D6A2F692D1}.Release|Pocket PC 2003 (ARMV4).Deploy.0 = Release|Pocket PC 2003 (ARMV4)
		{9EE4C0B8-8C2F-4CB3-B24F-A4D6A2F692D1}.Release|Win32.ActiveCfg = Release|Win32
		{9EE4C0B8-8C2F-4CB3-B24F-A4D6A2F692D1}.Release|Win32.Build.0 = Release|Win32
		{9EE4C0B8-8C2F-4CB3-B24F-A4D6A2F692D1}.Release|x64.ActiveCfg = Release|x64
		{9EE4C0B8-8C2F-4CB3-B24F-A4D6A2F692D1}.Release|x64.Build.0 = Release|x64
		{9EE4C0B8-8C2F-4CB3-B24F-A4D6A2F692D1}.release64|Pocket PC 2003 (ARMV4).ActiveCfg = release64|Pocket PC 2003 (ARMV4)
		{9EE4C0B8-8C2F-4CB3-B24F-A4D6A2F692D1}.release64|Pocket PC 2003 (ARMV4).Build.0 = release64|Pocket PC 2003 (ARMV4)
		{9EE4C0B8-8C2F-4CB3-B24F-A4D6A2F692D1}.release64|Pocket PC 2003 (ARMV4).Deploy.0 = release64|Pocket PC 2003 (ARMV4)
		{9EE4C0B8-8C2F-4CB3-B24F-A4D6A2F692D1}.release64|Win32.ActiveCfg = release64|Win32
		{9EE4C0B8-8C2F-4CB3-B24F-A4D6A2F692D1}.release64|Win32.Build.0 = release64|Win32
		{9EE4C0B8-8C2F-4CB3-B24F-A4D6A2F692D1}.release64|x64.ActiveCfg = release64|x64
		{9EE4C0B8-8C2F-4CB3-B24F-A4D6A2F692D1}.release64|x64.Build.0 = release64|x64
		{9EE4C0B8-8C2F-4CB3-B24F-A4D6A2F692D1}.RSACipherTest Debug|Pocket PC 2003 (ARMV4).ActiveCfg = RSACipherTest Debug|Pocket PC 2003 (ARMV4)
		{9EE4C0B8-8C2F-4CB3-B24F-A4D6A2F692D1}.RSACipherTest Debug|Pocket PC 2003 (ARMV4).Build.0 = RSACipherTest Debug|Pocket PC 2003 (ARMV4)
		{9EE4C0B8-8C2F-4CB3-B24F-A4D6A2F692D1}.RSACipherTest Debug|Pocket PC 2003 (ARMV4).Deploy.0 = RSACipherTest Debug|Pocket PC 2003 (ARMV4)
		{9EE4C0B8-8C2F-4CB3-B24F-A4D6A2F692D1}.RSACipherTest Debug|Win32.ActiveCfg = RSACipherTest Debug|Win32
		{9EE4C0B8-8C2F-4CB3-B24F-A4D6A2F692D1}.RSACipherTest Debug|Win32.Build.0 = RSACipherTest Debug|Win32
		{9EE4C0B8-8C2F-4CB3-B24F-A4D6A2F692D1}.RSACipherTest Debug|x64.ActiveCfg = RSACipherTest Debug|x64
		{9EE4C0B8-8C2F-4CB3-B24F-A4D6A2F692D1}.RSACipherTest Debug|x64.Build.0 = RSACipherTest Debug|x64
		{9EE4C0B8-8C2F-4CB3-B24F-A4D6A2F692D1}.Sha1HMacDemo|Pocket PC 2003 (ARMV4).ActiveCfg = Sha1HMacDemo|Pocket PC 2003 (ARMV4)
		{9EE4C0B8-8C2F-4CB3-B24F-A4D6A2F692D1}.Sha1HMacDemo|Pocket PC 2003 (ARMV4).Build.0 = Sha1HMacDemo|Pocket PC 2003 (ARMV4)
		{9EE4C0B8-8C2F-4CB3-B24F-A4D6A2F692D1}.Sha1HMacDemo|Pocket PC 2003 (ARMV4).Deploy.0 = Sha1HMacDemo|Pocket PC 2003 (ARMV4)
		{9EE4C0B8-8C2F-4CB3-B24F-A4D6A2F692D1}.Sha1HMacDemo|Win32.ActiveCfg = Sha1HMacDemo|Win32
		{9EE4C0B8-8C2F-4CB3-B24F-A4D6A2F692D1}.Sha1HMacDemo|Win32.Build.0 = Sha1HMacDemo|Win32
		{9EE4C0B8-8C2F-4CB3-B24F-A4D6A2F692D1}.Sha1HMacDemo|x64.ActiveCfg = Sha1HMacDemo|x64
		{9EE4C0B8-8C2F-4CB3-B24F-A4D6A2F692D1}.Sha1HMacDemo|x64.Build.0 = Sha1HMacDemo|x64
		{9EE4C0B8-8C2F-4CB3-B24F-A4D6A2F692D1}.SSLMechanisms Debug|Pocket PC 2003 (ARMV4).ActiveCfg = SSLMechanisms Debug|Pocket PC 2003 (ARMV4)
		{9EE4C0B8-8C2F-4CB3-B24F-A4D6A2F692D1}.SSLMechanisms Debug|Pocket PC 2003 (ARMV4).Build.0 = SSLMechanisms Debug|Pocket PC 2003 (ARMV4)
		{9EE4C0B8-8C2F-4CB3-B24F-A4D6A2F692D1}.SSLMechanisms Debug|Pocket PC 2003 (ARMV4).Deploy.0 = SSLMechanisms Debug|Pocket PC 2003 (ARMV4)
		{9EE4C0B8-8C2F-4CB3-B24F-A4D6A2F692D1}.SSLMechanisms Debug|Win32.ActiveCfg = SSLMechanisms Debug|Win32
		{9EE4C0B8-8C2F-4CB3-B24F-A4D6A2F692D1}.SSLMechanisms Debug|Win32.Build.0 = SSLMechanisms Debug|Win32
		{9EE4C0B8-8C2F-4CB3-B24F-A4D6A2F692D1}.SSLMechanisms Debug|x64.ActiveCfg = SSLMechanisms Debug|x64
		{9EE4C0B8-8C2F-4CB3-B24F-A4D6A2F692D1}.SSLMechanisms Debug|x64.Build.0 = SSLMechanisms Debug|x64
		{9EE4C0B8-8C2F-4CB3-B24F-A4D6A2F692D1}.TestModule Debug|Pocket PC 2003 (ARMV4).ActiveCfg = TestModule Debug|Pocket PC 2003 (ARMV4)
		{9EE4C0B8-8C2F-4CB3-B24F-A4D6A2F692D1}.TestModule Debug|Pocket PC 2003 (ARMV4).Build.0 = TestModule Debug|Pocket PC 2003 (ARMV4)
		{9EE4C0B8-8C2F-4CB3-B24F-A4D6A2F692D1}.TestModule Debug|Pocket PC 2003 (ARMV4).Deploy.0 = TestModule Debug|Pocket PC 2003 (ARMV4)
		{9EE4C0B8-8C2F-4CB3-B24F-A4D6A2F692D1}.TestModule Debug|Win32.ActiveCfg = TestModule Debug|Win32
		{9EE4C0B8-8C2F-4CB3-B24F-A4D6A2F692D1}.TestModule Debug|Win32.Build.0 = TestModule Debug|Win32
		{9EE4C0B8-8C2F-4CB3-B24F-A4D6A2F692D1}.TestModule Debug|x64.ActiveCfg = TestModule Debug|x64
		{9EE4C0B8-8C2F-4CB3-B24F-A4D6A2F692D1}.TestModule Debug|x64.Build.0 = TestModule Debug|x64
	EndGlobalSection
	GlobalSection(SolutionProperties) = preSolution
		HideSolutionNode = FALSE
	EndGlobalSection
EndGlobal
